
Microsoft Visual Studio Solution File, Format Version 12.00
# Visual Studio 15
VisualStudioVersion = 15.0.26430.6
MinimumVisualStudioVersion = 10.0.40219.1
Project("{FAE04EC0-301F-11D3-BF4B-00C04F79EFBC}") = "AccordionListView.Android", "AccordionListView\AccordionListView.Android\AccordionListView.Android.csproj", "{B88C004D-F647-430B-A56B-B46D2F3304BB}"
EndProject
Project("{FAE04EC0-301F-11D3-BF4B-00C04F79EFBC}") = "AccordionListView", "AccordionListView\AccordionListView\AccordionListView.csproj", "{F3811911-431E-4A77-9EE0-B69B5E559A9A}"
EndProject
Project("{FAE04EC0-301F-11D3-BF4B-00C04F79EFBC}") = "AccordionListView.iOS", "AccordionListView\AccordionListView.iOS\AccordionListView.iOS.csproj", "{6AD55417-2DE6-48FA-A627-662C8ACF0089}"
EndProject
Global
	GlobalSection(SolutionConfigurationPlatforms) = preSolution
		Ad-Hoc|Any CPU = Ad-Hoc|Any CPU
		Ad-Hoc|iPhone = Ad-Hoc|iPhone
		Ad-Hoc|iPhoneSimulator = Ad-Hoc|iPhoneSimulator
		AppStore|Any CPU = AppStore|Any CPU
		AppStore|iPhone = AppStore|iPhone
		AppStore|iPhoneSimulator = AppStore|iPhoneSimulator
		Debug|Any CPU = Debug|Any CPU
		Debug|iPhone = Debug|iPhone
		Debug|iPhoneSimulator = Debug|iPhoneSimulator
		Release|Any CPU = Release|Any CPU
		Release|iPhone = Release|iPhone
		Release|iPhoneSimulator = Release|iPhoneSimulator
	EndGlobalSection
	GlobalSection(ProjectConfigurationPlatforms) = postSolution
		{B88C004D-F647-430B-A56B-B46D2F3304BB}.Ad-Hoc|Any CPU.ActiveCfg = Release|Any CPU
		{B88C004D-F647-430B-A56B-B46D2F3304BB}.Ad-Hoc|Any CPU.Build.0 = Release|Any CPU
		{B88C004D-F647-430B-A56B-B46D2F3304BB}.Ad-Hoc|Any CPU.Deploy.0 = Release|Any CPU
		{B88C004D-F647-430B-A56B-B46D2F3304BB}.Ad-Hoc|iPhone.ActiveCfg = Release|Any CPU
		{B88C004D-F647-430B-A56B-B46D2F3304BB}.Ad-Hoc|iPhone.Build.0 = Release|Any CPU
		{B88C004D-F647-430B-A56B-B46D2F3304BB}.Ad-Hoc|iPhone.Deploy.0 = Release|Any CPU
		{B88C004D-F647-430B-A56B-B46D2F3304BB}.Ad-Hoc|iPhoneSimulator.ActiveCfg = Release|Any CPU
		{B88C004D-F647-430B-A56B-B46D2F3304BB}.Ad-Hoc|iPhoneSimulator.Build.0 = Release|Any CPU
		{B88C004D-F647-430B-A56B-B46D2F3304BB}.Ad-Hoc|iPhoneSimulator.Deploy.0 = Release|Any CPU
		{B88C004D-F647-430B-A56B-B46D2F3304BB}.AppStore|Any CPU.ActiveCfg = Release|Any CPU
		{B88C004D-F647-430B-A56B-B46D2F3304BB}.AppStore|Any CPU.Build.0 = Release|Any CPU
		{B88C004D-F647-430B-A56B-B46D2F3304BB}.AppStore|Any CPU.Deploy.0 = Release|Any CPU
		{B88C004D-F647-430B-A56B-B46D2F3304BB}.AppStore|iPhone.ActiveCfg = Release|Any CPU
		{B88C004D-F647-430B-A56B-B46D2F3304BB}.AppStore|iPhone.Build.0 = Release|Any CPU
		{B88C004D-F647-430B-A56B-B46D2F3304BB}.AppStore|iPhone.Deploy.0 = Release|Any CPU
		{B88C004D-F647-430B-A56B-B46D2F3304BB}.AppStore|iPhoneSimulator.ActiveCfg = Release|Any CPU
		{B88C004D-F647-430B-A56B-B46D2F3304BB}.AppStore|iPhoneSimulator.Build.0 = Release|Any CPU
		{B88C004D-F647-430B-A56B-B46D2F3304BB}.AppStore|iPhoneSimulator.Deploy.0 = Release|Any CPU
		{B88C004D-F647-430B-A56B-B46D2F3304BB}.Debug|Any CPU.ActiveCfg = Debug|Any CPU
		{B88C004D-F647-430B-A56B-B46D2F3304BB}.Debug|Any CPU.Build.0 = Debug|Any CPU
		{B88C004D-F647-430B-A56B-B46D2F3304BB}.Debug|Any CPU.Deploy.0 = Debug|Any CPU
		{B88C004D-F647-430B-A56B-B46D2F3304BB}.Debug|iPhone.ActiveCfg = Debug|Any CPU
		{B88C004D-F647-430B-A56B-B46D2F3304BB}.Debug|iPhone.Build.0 = Debug|Any CPU
		{B88C004D-F647-430B-A56B-B46D2F3304BB}.Debug|iPhone.Deploy.0 = Debug|Any CPU
		{B88C004D-F647-430B-A56B-B46D2F3304BB}.Debug|iPhoneSimulator.ActiveCfg = Debug|Any CPU
		{B88C004D-F647-430B-A56B-B46D2F3304BB}.Debug|iPhoneSimulator.Build.0 = Debug|Any CPU
		{B88C004D-F647-430B-A56B-B46D2F3304BB}.Debug|iPhoneSimulator.Deploy.0 = Debug|Any CPU
		{B88C004D-F647-430B-A56B-B46D2F3304BB}.Release|Any CPU.ActiveCfg = Release|Any CPU
		{B88C004D-F647-430B-A56B-B46D2F3304BB}.Release|Any CPU.Build.0 = Release|Any CPU
		{B88C004D-F647-430B-A56B-B46D2F3304BB}.Release|Any CPU.Deploy.0 = Release|Any CPU
		{B88C004D-F647-430B-A56B-B46D2F3304BB}.Release|iPhone.ActiveCfg = Release|Any CPU
		{B88C004D-F647-430B-A56B-B46D2F3304BB}.Release|iPhone.Build.0 = Release|Any CPU
		{B88C004D-F647-430B-A56B-B46D2F3304BB}.Release|iPhone.Deploy.0 = Release|Any CPU
		{B88C004D-F647-430B-A56B-B46D2F3304BB}.Release|iPhoneSimulator.ActiveCfg = Release|Any CPU
		{B88C004D-F647-430B-A56B-B46D2F3304BB}.Release|iPhoneSimulator.Build.0 = Release|Any CPU
		{B88C004D-F647-430B-A56B-B46D2F3304BB}.Release|iPhoneSimulator.Deploy.0 = Release|Any CPU
		{F3811911-431E-4A77-9EE0-B69B5E559A9A}.Ad-Hoc|Any CPU.ActiveCfg = Release|Any CPU
		{F3811911-431E-4A77-9EE0-B69B5E559A9A}.Ad-Hoc|Any CPU.Build.0 = Release|Any CPU
		{F3811911-431E-4A77-9EE0-B69B5E559A9A}.Ad-Hoc|iPhone.ActiveCfg = Release|Any CPU
		{F3811911-431E-4A77-9EE0-B69B5E559A9A}.Ad-Hoc|iPhone.Build.0 = Release|Any CPU
		{F3811911-431E-4A77-9EE0-B69B5E559A9A}.Ad-Hoc|iPhoneSimulator.ActiveCfg = Release|Any CPU
		{F3811911-431E-4A77-9EE0-B69B5E559A9A}.Ad-Hoc|iPhoneSimulator.Build.0 = Release|Any CPU
		{F3811911-431E-4A77-9EE0-B69B5E559A9A}.AppStore|Any CPU.ActiveCfg = Release|Any CPU
		{F3811911-431E-4A77-9EE0-B69B5E559A9A}.AppStore|Any CPU.Build.0 = Release|Any CPU
		{F3811911-431E-4A77-9EE0-B69B5E559A9A}.AppStore|iPhone.ActiveCfg = Release|Any CPU
		{F3811911-431E-4A77-9EE0-B69B5E559A9A}.AppStore|iPhone.Build.0 = Release|Any CPU
		{F3811911-431E-4A77-9EE0-B69B5E559A9A}.AppStore|iPhoneSimulator.ActiveCfg = Release|Any CPU
		{F3811911-431E-4A77-9EE0-B69B5E559A9A}.AppStore|iPhoneSimulator.Build.0 = Release|Any CPU
		{F3811911-431E-4A77-9EE0-B69B5E559A9A}.Debug|Any CPU.ActiveCfg = Debug|Any CPU
		{F3811911-431E-4A77-9EE0-B69B5E559A9A}.Debug|Any CPU.Build.0 = Debug|Any CPU
		{F3811911-431E-4A77-9EE0-B69B5E559A9A}.Debug|iPhone.ActiveCfg = Debug|Any CPU
		{F3811911-431E-4A77-9EE0-B69B5E559A9A}.Debug|iPhone.Build.0 = Debug|Any CPU
		{F3811911-431E-4A77-9EE0-B69B5E559A9A}.Debug|iPhoneSimulator.ActiveCfg = Debug|Any CPU
		{F3811911-431E-4A77-9EE0-B69B5E559A9A}.Debug|iPhoneSimulator.Build.0 = Debug|Any CPU
		{F3811911-431E-4A77-9EE0-B69B5E559A9A}.Release|Any CPU.ActiveCfg = Release|Any CPU
		{F3811911-431E-4A77-9EE0-B69B5E559A9A}.Release|Any CPU.Build.0 = Release|Any CPU
		{F3811911-431E-4A77-9EE0-B69B5E559A9A}.Release|iPhone.ActiveCfg = Release|Any CPU
		{F3811911-431E-4A77-9EE0-B69B5E559A9A}.Release|iPhone.Build.0 = Release|Any CPU
		{F3811911-431E-4A77-9EE0-B69B5E559A9A}.Release|iPhoneSimulator.ActiveCfg = Release|Any CPU
		{F3811911-431E-4A77-9EE0-B69B5E559A9A}.Release|iPhoneSimulator.Build.0 = Release|Any CPU
		{6AD55417-2DE6-48FA-A627-662C8ACF0089}.Ad-Hoc|Any CPU.ActiveCfg = Ad-Hoc|iPhone
		{6AD55417-2DE6-48FA-A627-662C8ACF0089}.Ad-Hoc|iPhone.ActiveCfg = Ad-Hoc|iPhone
		{6AD55417-2DE6-48FA-A627-662C8ACF0089}.Ad-Hoc|iPhone.Build.0 = Ad-Hoc|iPhone
		{6AD55417-2DE6-48FA-A627-662C8ACF0089}.Ad-Hoc|iPhoneSimulator.ActiveCfg = Ad-Hoc|iPhoneSimulator
		{6AD55417-2DE6-48FA-A627-662C8ACF0089}.Ad-Hoc|iPhoneSimulator.Build.0 = Ad-Hoc|iPhoneSimulator
		{6AD55417-2DE6-48FA-A627-662C8ACF0089}.AppStore|Any CPU.ActiveCfg = AppStore|iPhone
		{6AD55417-2DE6-48FA-A627-662C8ACF0089}.AppStore|iPhone.ActiveCfg = AppStore|iPhone
		{6AD55417-2DE6-48FA-A627-662C8ACF0089}.AppStore|iPhone.Build.0 = AppStore|iPhone
		{6AD55417-2DE6-48FA-A627-662C8ACF0089}.AppStore|iPhoneSimulator.ActiveCfg = AppStore|iPhoneSimulator
		{6AD55417-2DE6-48FA-A627-662C8ACF0089}.AppStore|iPhoneSimulator.Build.0 = AppStore|iPhoneSimulator
		{6AD55417-2DE6-48FA-A627-662C8ACF0089}.Debug|Any CPU.ActiveCfg = Debug|iPhone
		{6AD55417-2DE6-48FA-A627-662C8ACF0089}.Debug|iPhone.ActiveCfg = Debug|iPhone
		{6AD55417-2DE6-48FA-A627-662C8ACF0089}.Debug|iPhone.Build.0 = Debug|iPhone
		{6AD55417-2DE6-48FA-A627-662C8ACF0089}.Debug|iPhoneSimulator.ActiveCfg = Debug|iPhoneSimulator
		{6AD55417-2DE6-48FA-A627-662C8ACF0089}.Debug|iPhoneSimulator.Build.0 = Debug|iPhoneSimulator
		{6AD55417-2DE6-48FA-A627-662C8ACF0089}.Release|Any CPU.ActiveCfg = Release|iPhone
		{6AD55417-2DE6-48FA-A627-662C8ACF0089}.Release|iPhone.ActiveCfg = Release|iPhone
		{6AD55417-2DE6-48FA-A627-662C8ACF0089}.Release|iPhone.Build.0 = Release|iPhone
		{6AD55417-2DE6-48FA-A627-662C8ACF0089}.Release|iPhoneSimulator.ActiveCfg = Release|iPhoneSimulator
		{6AD55417-2DE6-48FA-A627-662C8ACF0089}.Release|iPhoneSimulator.Build.0 = Release|iPhoneSimulator
	EndGlobalSection
	GlobalSection(SolutionProperties) = preSolution
		HideSolutionNode = FALSE
	EndGlobalSection
EndGlobal
